
Microsoft Visual Studio Solution File, Format Version 12.00
# Visual Studio Version 17
VisualStudioVersion = 17.14.36511.14
MinimumVisualStudioVersion = 10.0.40219.1
Project("{FAE04EC0-301F-11D3-BF4B-00C04F79EFBC}") = "NZWalks.API", "NZWalks.API\NZWalks.API.csproj", "{43AEBECC-7E0C-43B9-AAFA-5D419A58B163}"
EndProject
Global
	GlobalSection(SolutionConfigurationPlatforms) = preSolution
		Debug|Any CPU = Debug|Any CPU
		Release|Any CPU = Release|Any CPU
	EndGlobalSection
	GlobalSection(ProjectConfigurationPlatforms) = postSolution
		{43AEBECC-7E0C-43B9-AAFA-5D419A58B163}.Debug|Any CPU.ActiveCfg = Debug|Any CPU
		{43AEBECC-7E0C-43B9-AAFA-5D419A58B163}.Debug|Any CPU.Build.0 = Debug|Any CPU
		{43AEBECC-7E0C-43B9-AAFA-5D419A58B163}.Release|Any CPU.ActiveCfg = Release|Any CPU
		{43AEBECC-7E0C-43B9-AAFA-5D419A58B163}.Release|Any CPU.Build.0 = Release|Any CPU
	EndGlobalSection
	GlobalSection(SolutionProperties) = preSolution
		HideSolutionNode = FALSE
	EndGlobalSection
	GlobalSection(ExtensibilityGlobals) = postSolution
		SolutionGuid = {0B325A0A-025E-4C85-B45F-0FCBF8C569D2}
	EndGlobalSection
EndGlobal
